
Microsoft Visual Studio Solution File, Format Version 12.00
# Visual Studio 15
VisualStudioVersion = 15.0.26730.16
MinimumVisualStudioVersion = 10.0.40219.1
Project("{FAE04EC0-301F-11D3-BF4B-00C04F79EFBC}") = "ConsoleDrawing", "ConsoleDrawing\ConsoleDrawing.csproj", "{A5F3A5F3-919A-4629-92EA-9EA3A795A45D}"
EndProject
Global
	GlobalSection(SolutionConfigurationPlatforms) = preSolution
		Debug|Any CPU = Debug|Any CPU
		Release|Any CPU = Release|Any CPU
	EndGlobalSection
	GlobalSection(ProjectConfigurationPlatforms) = postSolution
		{A5F3A5F3-919A-4629-92EA-9EA3A795A45D}.Debug|Any CPU.ActiveCfg = Debug|Any CPU
		{A5F3A5F3-919A-4629-92EA-9EA3A795A45D}.Debug|Any CPU.Build.0 = Debug|Any CPU
		{A5F3A5F3-919A-4629-92EA-9EA3A795A45D}.Release|Any CPU.ActiveCfg = Release|Any CPU
		{A5F3A5F3-919A-4629-92EA-9EA3A795A45D}.Release|Any CPU.Build.0 = Release|Any CPU
	EndGlobalSection
	GlobalSection(SolutionProperties) = preSolution
		HideSolutionNode = FALSE
	EndGlobalSection
	GlobalSection(ExtensibilityGlobals) = postSolution
		SolutionGuid = {BF383C74-138A-432D-8009-5FC3A12B21A3}
	EndGlobalSection
EndGlobal
